
Microsoft Visual Studio Solution File, Format Version 12.00
# Visual Studio Version 17
VisualStudioVersion = 17.12.35527.113 d17.12
MinimumVisualStudioVersion = 10.0.40219.1
Project("{FAE04EC0-301F-11D3-BF4B-00C04F79EFBC}") = "Movies.API", "Movies.API\Movies.API.csproj", "{B126FA27-2D9B-46B8-8667-8D6495729BEE}"
EndProject
Project("{FAE04EC0-301F-11D3-BF4B-00C04F79EFBC}") = "IdentityServer", "IdentityServer\IdentityServer.csproj", "{4D10059B-6BAE-4B7E-BC01-128A14AACE1D}"
EndProject
Global
	GlobalSection(SolutionConfigurationPlatforms) = preSolution
		Debug|Any CPU = Debug|Any CPU
		Release|Any CPU = Release|Any CPU
	EndGlobalSection
	GlobalSection(ProjectConfigurationPlatforms) = postSolution
		{B126FA27-2D9B-46B8-8667-8D6495729BEE}.Debug|Any CPU.ActiveCfg = Debug|Any CPU
		{B126FA27-2D9B-46B8-8667-8D6495729BEE}.Debug|Any CPU.Build.0 = Debug|Any CPU
		{B126FA27-2D9B-46B8-8667-8D6495729BEE}.Release|Any CPU.ActiveCfg = Release|Any CPU
		{B126FA27-2D9B-46B8-8667-8D6495729BEE}.Release|Any CPU.Build.0 = Release|Any CPU
		{4D10059B-6BAE-4B7E-BC01-128A14AACE1D}.Debug|Any CPU.ActiveCfg = Debug|Any CPU
		{4D10059B-6BAE-4B7E-BC01-128A14AACE1D}.Debug|Any CPU.Build.0 = Debug|Any CPU
		{4D10059B-6BAE-4B7E-BC01-128A14AACE1D}.Release|Any CPU.ActiveCfg = Release|Any CPU
		{4D10059B-6BAE-4B7E-BC01-128A14AACE1D}.Release|Any CPU.Build.0 = Release|Any CPU
	EndGlobalSection
	GlobalSection(SolutionProperties) = preSolution
		HideSolutionNode = FALSE
	EndGlobalSection
EndGlobal
